PODS:
  - Kingfisher (5.12.0):
    - Kingfisher/Core (= 5.12.0)
  - Kingfisher/Core (5.12.0)

DEPENDENCIES:
  - Kingfisher (~> 5.0)

SPEC REPOS:
  https://github.com/CocoaPods/Specs.git:
    - Kingfisher

SPEC CHECKSUMS:
  Kingfisher: dc6e0f53bb5b12c3e75bedb0e01bbd7a640eea69

PODFILE CHECKSUM: 69836a9bc9fe42bff57f1fac2e53be60e59b0f12

COCOAPODS: 1.8.4
