// !$*UTF8*$!
{
	archiveVersion = 1;
	classes = {
	};
	objectVersion = 51;
	objects = {

/* Begin PBXBuildFile section */
		C214DB7B23A6973700138869 /* DatabaseController.swift in Sources */ = {isa = PBXBuildFile; fileRef = C214DB7A23A6973700138869 /* DatabaseController.swift */; };
		C214DB7F23A6988900138869 /* TrackDatabase.swift in Sources */ = {isa = PBXBuildFile; fileRef = C214DB7E23A6988900138869 /* TrackDatabase.swift */; };
		C214DB8123A6994000138869 /* ArtistDatabase.swift in Sources */ = {isa = PBXBuildFile; fileRef = C214DB8023A6994000138869 /* ArtistDatabase.swift */; };
		C214DB8323A6994F00138869 /* AlbumDatabase.swift in Sources */ = {isa = PBXBuildFile; fileRef = C214DB8223A6994F00138869 /* AlbumDatabase.swift */; };
		C28D607023A53AD900005142 /* AppDelegate.swift in Sources */ = {isa = PBXBuildFile; fileRef = C28D606F23A53AD900005142 /* AppDelegate.swift */; };
		C28D607523A53AD900005142 /* Main.storyboard in Resources */ = {isa = PBXBuildFile; fileRef = C28D607323A53AD900005142 /* Main.storyboard */; };
		C28D607723A53ADA00005142 /* Assets.xcassets in Resources */ = {isa = PBXBuildFile; fileRef = C28D607623A53ADA00005142 /* Assets.xcassets */; };
		C28D607A23A53ADA00005142 /* LaunchScreen.storyboard in Resources */ = {isa = PBXBuildFile; fileRef = C28D607823A53ADA00005142 /* LaunchScreen.storyboard */; };
		C28D608523A53ADA00005142 /* myMusicTests.swift in Sources */ = {isa = PBXBuildFile; fileRef = C28D608423A53ADA00005142 /* myMusicTests.swift */; };
		C28D609023A53ADA00005142 /* myMusicUITests.swift in Sources */ = {isa = PBXBuildFile; fileRef = C28D608F23A53ADA00005142 /* myMusicUITests.swift */; };
		C28D60A023A542BA00005142 /* NetworkController.swift in Sources */ = {isa = PBXBuildFile; fileRef = C28D609F23A542BA00005142 /* NetworkController.swift */; };
		C28D60A623A54DCC00005142 /* SearchTrackResponse.swift in Sources */ = {isa = PBXBuildFile; fileRef = C28D60A223A5472400005142 /* SearchTrackResponse.swift */; };
		C28D60A723A54DD000005142 /* SearchTrackResponseWrapper.swift in Sources */ = {isa = PBXBuildFile; fileRef = C28D60A423A54C7400005142 /* SearchTrackResponseWrapper.swift */; };
		C28D60AC23A595FA00005142 /* SearchTrackArtistResponse.swift in Sources */ = {isa = PBXBuildFile; fileRef = C28D60AB23A595FA00005142 /* SearchTrackArtistResponse.swift */; };
		C28D60AE23A5971200005142 /* SearchTrackAlbumResponse.swift in Sources */ = {isa = PBXBuildFile; fileRef = C28D60AD23A5971200005142 /* SearchTrackAlbumResponse.swift */; };
		C2B4698723A59E0A00DD4EBE /* SearchTrackViewController.swift in Sources */ = {isa = PBXBuildFile; fileRef = C2B4698623A59E0A00DD4EBE /* SearchTrackViewController.swift */; };
		C2B4698923A59E4600DD4EBE /* TrackDetailViewController.swift in Sources */ = {isa = PBXBuildFile; fileRef = C2B4698823A59E4600DD4EBE /* TrackDetailViewController.swift */; };
		C2B4698B23A59E6800DD4EBE /* FavoriteTracksViewController.swift in Sources */ = {isa = PBXBuildFile; fileRef = C2B4698A23A59E6800DD4EBE /* FavoriteTracksViewController.swift */; };
		C2B4698D23A5B72B00DD4EBE /* TrackTableViewCell.swift in Sources */ = {isa = PBXBuildFile; fileRef = C2B4698C23A5B72B00DD4EBE /* TrackTableViewCell.swift */; };
		C2C539C423A70D5900591C2A /* ViewExtensions.swift in Sources */ = {isa = PBXBuildFile; fileRef = C2C539C323A70D5900591C2A /* ViewExtensions.swift */; };
		C2C539C623A7B12900591C2A /* HomeViewController.swift in Sources */ = {isa = PBXBuildFile; fileRef = C2C539C523A7B12900591C2A /* HomeViewController.swift */; };
		C2C539C823A7BC7600591C2A /* QuizViewController.swift in Sources */ = {isa = PBXBuildFile; fileRef = C2C539C723A7BC7600591C2A /* QuizViewController.swift */; };
		C85A47414160A23EC14C6F25 /* Pods_myMusic.framework in Frameworks */ = {isa = PBXBuildFile; fileRef = AEB46C4E793781A20FF5D890 /* Pods_myMusic.framework */; };
/* End PBXBuildFile section */

/* Begin PBXBuildRule section */
		C2B4698E23A5C81B00DD4EBE /* PBXBuildRule */ = {
			isa = PBXBuildRule;
			compilerSpec = com.apple.compilers.proxy.script;
			fileType = pattern.proxy;
			isEditable = 1;
			outputFiles = (
			);
			script = "# Type a script or drag a script file from your workspace to insert its path.\n";
		};
/* End PBXBuildRule section */

/* Begin PBXContainerItemProxy section */
		C28D608123A53ADA00005142 /* PBXContainerItemProxy */ = {
			isa = PBXContainerItemProxy;
			containerPortal = C28D606423A53AD900005142 /* Project object */;
			proxyType = 1;
			remoteGlobalIDString = C28D606B23A53AD900005142;
			remoteInfo = myMusic;
		};
		C28D608C23A53ADA00005142 /* PBXContainerItemProxy */ = {
			isa = PBXContainerItemProxy;
			containerPortal = C28D606423A53AD900005142 /* Project object */;
			proxyType = 1;
			remoteGlobalIDString = C28D606B23A53AD900005142;
			remoteInfo = myMusic;
		};
/* End PBXContainerItemProxy section */

/* Begin PBXFileReference section */
		78555F35D8BCE260618D269E /* Pods-myMusic.debug.xcconfig */ = {isa = PBXFileReference; includeInIndex = 1; lastKnownFileType = text.xcconfig; name = "Pods-myMusic.debug.xcconfig"; path = "Target Support Files/Pods-myMusic/Pods-myMusic.debug.xcconfig"; sourceTree = "<group>"; };
		AEB46C4E793781A20FF5D890 /* Pods_myMusic.framework */ = {isa = PBXFileReference; explicitFileType = wrapper.framework; includeInIndex = 0; path = Pods_myMusic.framework; sourceTree = BUILT_PRODUCTS_DIR; };
		C214DB7A23A6973700138869 /* DatabaseController.swift */ = {isa = PBXFileReference; lastKnownFileType = sourcecode.swift; path = DatabaseController.swift; sourceTree = "<group>"; };
		C214DB7E23A6988900138869 /* TrackDatabase.swift */ = {isa = PBXFileReference; lastKnownFileType = sourcecode.swift; path = TrackDatabase.swift; sourceTree = "<group>"; };
		C214DB8023A6994000138869 /* ArtistDatabase.swift */ = {isa = PBXFileReference; lastKnownFileType = sourcecode.swift; path = ArtistDatabase.swift; sourceTree = "<group>"; };
		C214DB8223A6994F00138869 /* AlbumDatabase.swift */ = {isa = PBXFileReference; lastKnownFileType = sourcecode.swift; path = AlbumDatabase.swift; sourceTree = "<group>"; };
		C28D606C23A53AD900005142 /* myMusic.app */ = {isa = PBXFileReference; explicitFileType = wrapper.application; includeInIndex = 0; path = myMusic.app; sourceTree = BUILT_PRODUCTS_DIR; };
		C28D606F23A53AD900005142 /* AppDelegate.swift */ = {isa = PBXFileReference; lastKnownFileType = sourcecode.swift; path = AppDelegate.swift; sourceTree = "<group>"; };
		C28D607423A53AD900005142 /* Base */ = {isa = PBXFileReference; lastKnownFileType = file.storyboard; name = Base; path = Base.lproj/Main.storyboard; sourceTree = "<group>"; };
		C28D607623A53ADA00005142 /* Assets.xcassets */ = {isa = PBXFileReference; lastKnownFileType = folder.assetcatalog; path = Assets.xcassets; sourceTree = "<group>"; };
		C28D607923A53ADA00005142 /* Base */ = {isa = PBXFileReference; lastKnownFileType = file.storyboard; name = Base; path = Base.lproj/LaunchScreen.storyboard; sourceTree = "<group>"; };
		C28D607B23A53ADA00005142 /* Info.plist */ = {isa = PBXFileReference; lastKnownFileType = text.plist.xml; path = Info.plist; sourceTree = "<group>"; };
		C28D608023A53ADA00005142 /* myMusicTests.xctest */ = {isa = PBXFileReference; explicitFileType = wrapper.cfbundle; includeInIndex = 0; path = myMusicTests.xctest; sourceTree = BUILT_PRODUCTS_DIR; };
		C28D608423A53ADA00005142 /* myMusicTests.swift */ = {isa = PBXFileReference; lastKnownFileType = sourcecode.swift; path = myMusicTests.swift; sourceTree = "<group>"; };
		C28D608623A53ADA00005142 /* Info.plist */ = {isa = PBXFileReference; lastKnownFileType = text.plist.xml; path = Info.plist; sourceTree = "<group>"; };
		C28D608B23A53ADA00005142 /* myMusicUITests.xctest */ = {isa = PBXFileReference; explicitFileType = wrapper.cfbundle; includeInIndex = 0; path = myMusicUITests.xctest; sourceTree = BUILT_PRODUCTS_DIR; };
		C28D608F23A53ADA00005142 /* myMusicUITests.swift */ = {isa = PBXFileReference; lastKnownFileType = sourcecode.swift; path = myMusicUITests.swift; sourceTree = "<group>"; };
		C28D609123A53ADA00005142 /* Info.plist */ = {isa = PBXFileReference; lastKnownFileType = text.plist.xml; path = Info.plist; sourceTree = "<group>"; };
		C28D609F23A542BA00005142 /* NetworkController.swift */ = {isa = PBXFileReference; lastKnownFileType = sourcecode.swift; path = NetworkController.swift; sourceTree = "<group>"; };
		C28D60A223A5472400005142 /* SearchTrackResponse.swift */ = {isa = PBXFileReference; lastKnownFileType = sourcecode.swift; path = SearchTrackResponse.swift; sourceTree = "<group>"; };
		C28D60A423A54C7400005142 /* SearchTrackResponseWrapper.swift */ = {isa = PBXFileReference; lastKnownFileType = sourcecode.swift; path = SearchTrackResponseWrapper.swift; sourceTree = "<group>"; };
		C28D60AB23A595FA00005142 /* SearchTrackArtistResponse.swift */ = {isa = PBXFileReference; lastKnownFileType = sourcecode.swift; path = SearchTrackArtistResponse.swift; sourceTree = "<group>"; };
		C28D60AD23A5971200005142 /* SearchTrackAlbumResponse.swift */ = {isa = PBXFileReference; lastKnownFileType = sourcecode.swift; path = SearchTrackAlbumResponse.swift; sourceTree = "<group>"; };
		C2B4698623A59E0A00DD4EBE /* SearchTrackViewController.swift */ = {isa = PBXFileReference; lastKnownFileType = sourcecode.swift; path = SearchTrackViewController.swift; sourceTree = "<group>"; };
		C2B4698823A59E4600DD4EBE /* TrackDetailViewController.swift */ = {isa = PBXFileReference; lastKnownFileType = sourcecode.swift; path = TrackDetailViewController.swift; sourceTree = "<group>"; };
		C2B4698A23A59E6800DD4EBE /* FavoriteTracksViewController.swift */ = {isa = PBXFileReference; lastKnownFileType = sourcecode.swift; path = FavoriteTracksViewController.swift; sourceTree = "<group>"; };
		C2B4698C23A5B72B00DD4EBE /* TrackTableViewCell.swift */ = {isa = PBXFileReference; lastKnownFileType = sourcecode.swift; path = TrackTableViewCell.swift; sourceTree = "<group>"; };
		C2C539C323A70D5900591C2A /* ViewExtensions.swift */ = {isa = PBXFileReference; lastKnownFileType = sourcecode.swift; path = ViewExtensions.swift; sourceTree = "<group>"; };
		C2C539C523A7B12900591C2A /* HomeViewController.swift */ = {isa = PBXFileReference; lastKnownFileType = sourcecode.swift; path = HomeViewController.swift; sourceTree = "<group>"; };
		C2C539C723A7BC7600591C2A /* QuizViewController.swift */ = {isa = PBXFileReference; lastKnownFileType = sourcecode.swift; path = QuizViewController.swift; sourceTree = "<group>"; };
		D747E571371C1489E3AC8ADF /* Pods-myMusic.release.xcconfig */ = {isa = PBXFileReference; includeInIndex = 1; lastKnownFileType = text.xcconfig; name = "Pods-myMusic.release.xcconfig"; path = "Target Support Files/Pods-myMusic/Pods-myMusic.release.xcconfig"; sourceTree = "<group>"; };
/* End PBXFileReference section */

/* Begin PBXFrameworksBuildPhase section */
		C28D606923A53AD900005142 /* Frameworks */ = {
			isa = PBXFrameworksBuildPhase;
			buildActionMask = 2147483647;
			files = (
				C85A47414160A23EC14C6F25 /* Pods_myMusic.framework in Frameworks */,
			);
			runOnlyForDeploymentPostprocessing = 0;
		};
		C28D607D23A53ADA00005142 /* Frameworks */ = {
			isa = PBXFrameworksBuildPhase;
			buildActionMask = 2147483647;
			files = (
			);
			runOnlyForDeploymentPostprocessing = 0;
		};
		C28D608823A53ADA00005142 /* Frameworks */ = {
			isa = PBXFrameworksBuildPhase;
			buildActionMask = 2147483647;
			files = (
			);
			runOnlyForDeploymentPostprocessing = 0;
		};
/* End PBXFrameworksBuildPhase section */

/* Begin PBXGroup section */
		66D1CC7132D3F1AA6B610426 /* Frameworks */ = {
			isa = PBXGroup;
			children = (
				AEB46C4E793781A20FF5D890 /* Pods_myMusic.framework */,
			);
			name = Frameworks;
			sourceTree = "<group>";
		};
		C214DB7923A6972300138869 /* Database */ = {
			isa = PBXGroup;
			children = (
				C214DB7A23A6973700138869 /* DatabaseController.swift */,
			);
			path = Database;
			sourceTree = "<group>";
		};
		C214DB7C23A6984D00138869 /* API */ = {
			isa = PBXGroup;
			children = (
				C28D60A223A5472400005142 /* SearchTrackResponse.swift */,
				C28D60A423A54C7400005142 /* SearchTrackResponseWrapper.swift */,
				C28D60AB23A595FA00005142 /* SearchTrackArtistResponse.swift */,
				C28D60AD23A5971200005142 /* SearchTrackAlbumResponse.swift */,
			);
			path = API;
			sourceTree = "<group>";
		};
		C214DB7D23A6986000138869 /* Database */ = {
			isa = PBXGroup;
			children = (
				C214DB7E23A6988900138869 /* TrackDatabase.swift */,
				C214DB8023A6994000138869 /* ArtistDatabase.swift */,
				C214DB8223A6994F00138869 /* AlbumDatabase.swift */,
			);
			path = Database;
			sourceTree = "<group>";
		};
		C28D606323A53AD900005142 = {
			isa = PBXGroup;
			children = (
				C28D606E23A53AD900005142 /* myMusic */,
				C28D608323A53ADA00005142 /* myMusicTests */,
				C28D608E23A53ADA00005142 /* myMusicUITests */,
				C28D606D23A53AD900005142 /* Products */,
				F3D4748DD1E30C6D39DD2516 /* Pods */,
				66D1CC7132D3F1AA6B610426 /* Frameworks */,
			);
			sourceTree = "<group>";
		};
		C28D606D23A53AD900005142 /* Products */ = {
			isa = PBXGroup;
			children = (
				C28D606C23A53AD900005142 /* myMusic.app */,
				C28D608023A53ADA00005142 /* myMusicTests.xctest */,
				C28D608B23A53ADA00005142 /* myMusicUITests.xctest */,
			);
			name = Products;
			sourceTree = "<group>";
		};
		C28D606E23A53AD900005142 /* myMusic */ = {
			isa = PBXGroup;
			children = (
				C2C539C223A70D4100591C2A /* New Group */,
				C214DB7923A6972300138869 /* Database */,
				C28D60AF23A59CF400005142 /* ViewControllers */,
				C28D60AA23A5873100005142 /* Views */,
				C28D60A123A5452500005142 /* Models */,
				C28D609E23A5429E00005142 /* Network */,
				C28D606F23A53AD900005142 /* AppDelegate.swift */,
				C28D607323A53AD900005142 /* Main.storyboard */,
				C28D607623A53ADA00005142 /* Assets.xcassets */,
				C28D607823A53ADA00005142 /* LaunchScreen.storyboard */,
				C28D607B23A53ADA00005142 /* Info.plist */,
			);
			path = myMusic;
			sourceTree = "<group>";
		};
		C28D608323A53ADA00005142 /* myMusicTests */ = {
			isa = PBXGroup;
			children = (
				C28D608423A53ADA00005142 /* myMusicTests.swift */,
				C28D608623A53ADA00005142 /* Info.plist */,
			);
			path = myMusicTests;
			sourceTree = "<group>";
		};
		C28D608E23A53ADA00005142 /* myMusicUITests */ = {
			isa = PBXGroup;
			children = (
				C28D608F23A53ADA00005142 /* myMusicUITests.swift */,
				C28D609123A53ADA00005142 /* Info.plist */,
			);
			path = myMusicUITests;
			sourceTree = "<group>";
		};
		C28D609E23A5429E00005142 /* Network */ = {
			isa = PBXGroup;
			children = (
				C28D609F23A542BA00005142 /* NetworkController.swift */,
			);
			path = Network;
			sourceTree = "<group>";
		};
		C28D60A123A5452500005142 /* Models */ = {
			isa = PBXGroup;
			children = (
				C214DB7D23A6986000138869 /* Database */,
				C214DB7C23A6984D00138869 /* API */,
			);
			path = Models;
			sourceTree = "<group>";
		};
		C28D60AA23A5873100005142 /* Views */ = {
			isa = PBXGroup;
			children = (
				C2B4698C23A5B72B00DD4EBE /* TrackTableViewCell.swift */,
			);
			path = Views;
			sourceTree = "<group>";
		};
		C28D60AF23A59CF400005142 /* ViewControllers */ = {
			isa = PBXGroup;
			children = (
				C2B4698623A59E0A00DD4EBE /* SearchTrackViewController.swift */,
				C2B4698823A59E4600DD4EBE /* TrackDetailViewController.swift */,
				C2B4698A23A59E6800DD4EBE /* FavoriteTracksViewController.swift */,
				C2C539C523A7B12900591C2A /* HomeViewController.swift */,
				C2C539C723A7BC7600591C2A /* QuizViewController.swift */,
			);
			path = ViewControllers;
			sourceTree = "<group>";
		};
		C2C539C223A70D4100591C2A /* New Group */ = {
			isa = PBXGroup;
			children = (
				C2C539C323A70D5900591C2A /* ViewExtensions.swift */,
			);
			path = "New Group";
			sourceTree = "<group>";
		};
		F3D4748DD1E30C6D39DD2516 /* Pods */ = {
			isa = PBXGroup;
			children = (
				78555F35D8BCE260618D269E /* Pods-myMusic.debug.xcconfig */,
				D747E571371C1489E3AC8ADF /* Pods-myMusic.release.xcconfig */,
			);
			path = Pods;
			sourceTree = "<group>";
		};
/* End PBXGroup section */

/* Begin PBXNativeTarget section */
		C28D606B23A53AD900005142 /* myMusic */ = {
			isa = PBXNativeTarget;
			buildConfigurationList = C28D609423A53ADA00005142 /* Build configuration list for PBXNativeTarget "myMusic" */;
			buildPhases = (
				29C9DFCB320518CC6C14CDCC /* [CP] Check Pods Manifest.lock */,
				C28D606823A53AD900005142 /* Sources */,
				C28D606923A53AD900005142 /* Frameworks */,
				C28D606A23A53AD900005142 /* Resources */,
				12C034A537BC14AA7B21511F /* [CP] Embed Pods Frameworks */,
			);
			buildRules = (
				C2B4698E23A5C81B00DD4EBE /* PBXBuildRule */,
			);
			dependencies = (
			);
			name = myMusic;
			productName = myMusic;
			productReference = C28D606C23A53AD900005142 /* myMusic.app */;
			productType = "com.apple.product-type.application";
		};
		C28D607F23A53ADA00005142 /* myMusicTests */ = {
			isa = PBXNativeTarget;
			buildConfigurationList = C28D609723A53ADA00005142 /* Build configuration list for PBXNativeTarget "myMusicTests" */;
			buildPhases = (
				C28D607C23A53ADA00005142 /* Sources */,
				C28D607D23A53ADA00005142 /* Frameworks */,
				C28D607E23A53ADA00005142 /* Resources */,
			);
			buildRules = (
			);
			dependencies = (
				C28D608223A53ADA00005142 /* PBXTargetDependency */,
			);
			name = myMusicTests;
			productName = myMusicTests;
			productReference = C28D608023A53ADA00005142 /* myMusicTests.xctest */;
			productType = "com.apple.product-type.bundle.unit-test";
		};
		C28D608A23A53ADA00005142 /* myMusicUITests */ = {
			isa = PBXNativeTarget;
			buildConfigurationList = C28D609A23A53ADA00005142 /* Build configuration list for PBXNativeTarget "myMusicUITests" */;
			buildPhases = (
				C28D608723A53ADA00005142 /* Sources */,
				C28D608823A53ADA00005142 /* Frameworks */,
				C28D608923A53ADA00005142 /* Resources */,
			);
			buildRules = (
			);
			dependencies = (
				C28D608D23A53ADA00005142 /* PBXTargetDependency */,
			);
			name = myMusicUITests;
			productName = myMusicUITests;
			productReference = C28D608B23A53ADA00005142 /* myMusicUITests.xctest */;
			productType = "com.apple.product-type.bundle.ui-testing";
		};
/* End PBXNativeTarget section */

/* Begin PBXProject section */
		C28D606423A53AD900005142 /* Project object */ = {
			isa = PBXProject;
			attributes = {
				LastSwiftUpdateCheck = 1020;
				LastUpgradeCheck = 1020;
				ORGANIZATIONNAME = "Tim Geldof";
				TargetAttributes = {
					C28D606B23A53AD900005142 = {
						CreatedOnToolsVersion = 10.2.1;
					};
					C28D607F23A53ADA00005142 = {
						CreatedOnToolsVersion = 10.2.1;
						TestTargetID = C28D606B23A53AD900005142;
					};
					C28D608A23A53ADA00005142 = {
						CreatedOnToolsVersion = 10.2.1;
						TestTargetID = C28D606B23A53AD900005142;
					};
				};
			};
			buildConfigurationList = C28D606723A53AD900005142 /* Build configuration list for PBXProject "myMusic" */;
			compatibilityVersion = "Xcode 9.3";
			developmentRegion = en;
			hasScannedForEncodings = 0;
			knownRegions = (
				en,
				Base,
			);
			mainGroup = C28D606323A53AD900005142;
			productRefGroup = C28D606D23A53AD900005142 /* Products */;
			projectDirPath = "";
			projectRoot = "";
			targets = (
				C28D606B23A53AD900005142 /* myMusic */,
				C28D607F23A53ADA00005142 /* myMusicTests */,
				C28D608A23A53ADA00005142 /* myMusicUITests */,
			);
		};
/* End PBXProject section */

/* Begin PBXResourcesBuildPhase section */
		C28D606A23A53AD900005142 /* Resources */ = {
			isa = PBXResourcesBuildPhase;
			buildActionMask = 2147483647;
			files = (
				C28D607A23A53ADA00005142 /* LaunchScreen.storyboard in Resources */,
				C28D607723A53ADA00005142 /* Assets.xcassets in Resources */,
				C28D607523A53AD900005142 /* Main.storyboard in Resources */,
			);
			runOnlyForDeploymentPostprocessing = 0;
		};
		C28D607E23A53ADA00005142 /* Resources */ = {
			isa = PBXResourcesBuildPhase;
			buildActionMask = 2147483647;
			files = (
			);
			runOnlyForDeploymentPostprocessing = 0;
		};
		C28D608923A53ADA00005142 /* Resources */ = {
			isa = PBXResourcesBuildPhase;
			buildActionMask = 2147483647;
			files = (
			);
			runOnlyForDeploymentPostprocessing = 0;
		};
/* End PBXResourcesBuildPhase section */

/* Begin PBXShellScriptBuildPhase section */
		12C034A537BC14AA7B21511F /* [CP] Embed Pods Frameworks */ = {
			isa = PBXShellScriptBuildPhase;
			buildActionMask = 2147483647;
			files = (
			);
			inputFileListPaths = (
				"${PODS_ROOT}/Target Support Files/Pods-myMusic/Pods-myMusic-frameworks-${CONFIGURATION}-input-files.xcfilelist",
			);
			name = "[CP] Embed Pods Frameworks";
			outputFileListPaths = (
				"${PODS_ROOT}/Target Support Files/Pods-myMusic/Pods-myMusic-frameworks-${CONFIGURATION}-output-files.xcfilelist",
			);
			runOnlyForDeploymentPostprocessing = 0;
			shellPath = /bin/sh;
			shellScript = "\"${PODS_ROOT}/Target Support Files/Pods-myMusic/Pods-myMusic-frameworks.sh\"\n";
			showEnvVarsInLog = 0;
		};
		29C9DFCB320518CC6C14CDCC /* [CP] Check Pods Manifest.lock */ = {
			isa = PBXShellScriptBuildPhase;
			buildActionMask = 2147483647;
			files = (
			);
			inputFileListPaths = (
			);
			inputPaths = (
				"${PODS_PODFILE_DIR_PATH}/Podfile.lock",
				"${PODS_ROOT}/Manifest.lock",
			);
			name = "[CP] Check Pods Manifest.lock";
			outputFileListPaths = (
			);
			outputPaths = (
				"$(DERIVED_FILE_DIR)/Pods-myMusic-checkManifestLockResult.txt",
			);
			runOnlyForDeploymentPostprocessing = 0;
			shellPath = /bin/sh;
			shellScript = "diff \"${PODS_PODFILE_DIR_PATH}/Podfile.lock\" \"${PODS_ROOT}/Manifest.lock\" > /dev/null\nif [ $? != 0 ] ; then\n    # print error to STDERR\n    echo \"error: The sandbox is not in sync with the Podfile.lock. Run 'pod install' or update your CocoaPods installation.\" >&2\n    exit 1\nfi\n# This output is used by Xcode 'outputs' to avoid re-running this script phase.\necho \"SUCCESS\" > \"${SCRIPT_OUTPUT_FILE_0}\"\n";
			showEnvVarsInLog = 0;
		};
/* End PBXShellScriptBuildPhase section */

/* Begin PBXSourcesBuildPhase section */
		C28D606823A53AD900005142 /* Sources */ = {
			isa = PBXSourcesBuildPhase;
			buildActionMask = 2147483647;
			files = (
				C2B4698B23A59E6800DD4EBE /* FavoriteTracksViewController.swift in Sources */,
				C2C539C823A7BC7600591C2A /* QuizViewController.swift in Sources */,
				C28D60A723A54DD000005142 /* SearchTrackResponseWrapper.swift in Sources */,
				C28D60A623A54DCC00005142 /* SearchTrackResponse.swift in Sources */,
				C2B4698923A59E4600DD4EBE /* TrackDetailViewController.swift in Sources */,
				C214DB7B23A6973700138869 /* DatabaseController.swift in Sources */,
				C28D607023A53AD900005142 /* AppDelegate.swift in Sources */,
				C214DB8323A6994F00138869 /* AlbumDatabase.swift in Sources */,
				C2B4698723A59E0A00DD4EBE /* SearchTrackViewController.swift in Sources */,
				C28D60A023A542BA00005142 /* NetworkController.swift in Sources */,
				C214DB7F23A6988900138869 /* TrackDatabase.swift in Sources */,
				C28D60AC23A595FA00005142 /* SearchTrackArtistResponse.swift in Sources */,
				C2C539C623A7B12900591C2A /* HomeViewController.swift in Sources */,
				C28D60AE23A5971200005142 /* SearchTrackAlbumResponse.swift in Sources */,
				C214DB8123A6994000138869 /* ArtistDatabase.swift in Sources */,
				C2C539C423A70D5900591C2A /* ViewExtensions.swift in Sources */,
				C2B4698D23A5B72B00DD4EBE /* TrackTableViewCell.swift in Sources */,
			);
			runOnlyForDeploymentPostprocessing = 0;
		};
		C28D607C23A53ADA00005142 /* Sources */ = {
			isa = PBXSourcesBuildPhase;
			buildActionMask = 2147483647;
			files = (
				C28D608523A53ADA00005142 /* myMusicTests.swift in Sources */,
			);
			runOnlyForDeploymentPostprocessing = 0;
		};
		C28D608723A53ADA00005142 /* Sources */ = {
			isa = PBXSourcesBuildPhase;
			buildActionMask = 2147483647;
			files = (
				C28D609023A53ADA00005142 /* myMusicUITests.swift in Sources */,
			);
			runOnlyForDeploymentPostprocessing = 0;
		};
/* End PBXSourcesBuildPhase section */

/* Begin PBXTargetDependency section */
		C28D608223A53ADA00005142 /* PBXTargetDependency */ = {
			isa = PBXTargetDependency;
			target = C28D606B23A53AD900005142 /* myMusic */;
			targetProxy = C28D608123A53ADA00005142 /* PBXContainerItemProxy */;
		};
		C28D608D23A53ADA00005142 /* PBXTargetDependency */ = {
			isa = PBXTargetDependency;
			target = C28D606B23A53AD900005142 /* myMusic */;
			targetProxy = C28D608C23A53ADA00005142 /* PBXContainerItemProxy */;
		};
/* End PBXTargetDependency section */

/* Begin PBXVariantGroup section */
		C28D607323A53AD900005142 /* Main.storyboard */ = {
			isa = PBXVariantGroup;
			children = (
				C28D607423A53AD900005142 /* Base */,
			);
			name = Main.storyboard;
			sourceTree = "<group>";
		};
		C28D607823A53ADA00005142 /* LaunchScreen.storyboard */ = {
			isa = PBXVariantGroup;
			children = (
				C28D607923A53ADA00005142 /* Base */,
			);
			name = LaunchScreen.storyboard;
			sourceTree = "<group>";
		};
/* End PBXVariantGroup section */

/* Begin XCBuildConfiguration section */
		C28D609223A53ADA00005142 /* Debug */ = {
			isa = XCBuildConfiguration;
			buildSettings = {
				ALWAYS_SEARCH_USER_PATHS = NO;
				CLANG_ANALYZER_NONNULL = YES;
				CLANG_ANALYZER_NUMBER_OBJECT_CONVERSION = YES_AGGRESSIVE;
				CLANG_CXX_LANGUAGE_STANDARD = "gnu++14";
				CLANG_CXX_LIBRARY = "libc++";
				CLANG_ENABLE_MODULES = YES;
				CLANG_ENABLE_OBJC_ARC = YES;
				CLANG_ENABLE_OBJC_WEAK = YES;
				CLANG_WARN_BLOCK_CAPTURE_AUTORELEASING = YES;
				CLANG_WARN_BOOL_CONVERSION = YES;
				CLANG_WARN_COMMA = YES;
				CLANG_WARN_CONSTANT_CONVERSION = YES;
				CLANG_WARN_DEPRECATED_OBJC_IMPLEMENTATIONS = YES;
				CLANG_WARN_DIRECT_OBJC_ISA_USAGE = YES_ERROR;
				CLANG_WARN_DOCUMENTATION_COMMENTS = YES;
				CLANG_WARN_EMPTY_BODY = YES;
				CLANG_WARN_ENUM_CONVERSION = YES;
				CLANG_WARN_INFINITE_RECURSION = YES;
				CLANG_WARN_INT_CONVERSION = YES;
				CLANG_WARN_NON_LITERAL_NULL_CONVERSION = YES;
				CLANG_WARN_OBJC_IMPLICIT_RETAIN_SELF = YES;
				CLANG_WARN_OBJC_LITERAL_CONVERSION = YES;
				CLANG_WARN_OBJC_ROOT_CLASS = YES_ERROR;
				CLANG_WARN_RANGE_LOOP_ANALYSIS = YES;
				CLANG_WARN_STRICT_PROTOTYPES = YES;
				CLANG_WARN_SUSPICIOUS_MOVE = YES;
				CLANG_WARN_UNGUARDED_AVAILABILITY = YES_AGGRESSIVE;
				CLANG_WARN_UNREACHABLE_CODE = YES;
				CLANG_WARN__DUPLICATE_METHOD_MATCH = YES;
				CODE_SIGN_IDENTITY = "iPhone Developer";
				COPY_PHASE_STRIP = NO;
				DEBUG_INFORMATION_FORMAT = dwarf;
				ENABLE_STRICT_OBJC_MSGSEND = YES;
				ENABLE_TESTABILITY = YES;
				GCC_C_LANGUAGE_STANDARD = gnu11;
				GCC_DYNAMIC_NO_PIC = NO;
				GCC_NO_COMMON_BLOCKS = YES;
				GCC_OPTIMIZATION_LEVEL = 0;
				GCC_PREPROCESSOR_DEFINITIONS = (
					"DEBUG=1",
					"$(inherited)",
				);
				GCC_WARN_64_TO_32_BIT_CONVERSION = YES;
				GCC_WARN_ABOUT_RETURN_TYPE = YES_ERROR;
				GCC_WARN_UNDECLARED_SELECTOR = YES;
				GCC_WARN_UNINITIALIZED_AUTOS = YES_AGGRESSIVE;
				GCC_WARN_UNUSED_FUNCTION = YES;
				GCC_WARN_UNUSED_VARIABLE = YES;
				IPHONEOS_DEPLOYMENT_TARGET = 12.2;
				MTL_ENABLE_DEBUG_INFO = INCLUDE_SOURCE;
				MTL_FAST_MATH = YES;
				ONLY_ACTIVE_ARCH = YES;
				SDKROOT = iphoneos;
				SWIFT_ACTIVE_COMPILATION_CONDITIONS = DEBUG;
				SWIFT_OPTIMIZATION_LEVEL = "-Onone";
			};
			name = Debug;
		};
		C28D609323A53ADA00005142 /* Release */ = {
			isa = XCBuildConfiguration;
			buildSettings = {
				ALWAYS_SEARCH_USER_PATHS = NO;
				CLANG_ANALYZER_NONNULL = YES;
				CLANG_ANALYZER_NUMBER_OBJECT_CONVERSION = YES_AGGRESSIVE;
				CLANG_CXX_LANGUAGE_STANDARD = "gnu++14";
				CLANG_CXX_LIBRARY = "libc++";
				CLANG_ENABLE_MODULES = YES;
				CLANG_ENABLE_OBJC_ARC = YES;
				CLANG_ENABLE_OBJC_WEAK = YES;
				CLANG_WARN_BLOCK_CAPTURE_AUTORELEASING = YES;
				CLANG_WARN_BOOL_CONVERSION = YES;
				CLANG_WARN_COMMA = YES;
				CLANG_WARN_CONSTANT_CONVERSION = YES;
				CLANG_WARN_DEPRECATED_OBJC_IMPLEMENTATIONS = YES;
				CLANG_WARN_DIRECT_OBJC_ISA_USAGE = YES_ERROR;
				CLANG_WARN_DOCUMENTATION_COMMENTS = YES;
				CLANG_WARN_EMPTY_BODY = YES;
				CLANG_WARN_ENUM_CONVERSION = YES;
				CLANG_WARN_INFINITE_RECURSION = YES;
				CLANG_WARN_INT_CONVERSION = YES;
				CLANG_WARN_NON_LITERAL_NULL_CONVERSION = YES;
				CLANG_WARN_OBJC_IMPLICIT_RETAIN_SELF = YES;
				CLANG_WARN_OBJC_LITERAL_CONVERSION = YES;
				CLANG_WARN_OBJC_ROOT_CLASS = YES_ERROR;
				CLANG_WARN_RANGE_LOOP_ANALYSIS = YES;
				CLANG_WARN_STRICT_PROTOTYPES = YES;
				CLANG_WARN_SUSPICIOUS_MOVE = YES;
				CLANG_WARN_UNGUARDED_AVAILABILITY = YES_AGGRESSIVE;
				CLANG_WARN_UNREACHABLE_CODE = YES;
				CLANG_WARN__DUPLICATE_METHOD_MATCH = YES;
				CODE_SIGN_IDENTITY = "iPhone Developer";
				COPY_PHASE_STRIP = NO;
				DEBUG_INFORMATION_FORMAT = "dwarf-with-dsym";
				ENABLE_NS_ASSERTIONS = NO;
				ENABLE_STRICT_OBJC_MSGSEND = YES;
				GCC_C_LANGUAGE_STANDARD = gnu11;
				GCC_NO_COMMON_BLOCKS = YES;
				GCC_WARN_64_TO_32_BIT_CONVERSION = YES;
				GCC_WARN_ABOUT_RETURN_TYPE = YES_ERROR;
				GCC_WARN_UNDECLARED_SELECTOR = YES;
				GCC_WARN_UNINITIALIZED_AUTOS = YES_AGGRESSIVE;
				GCC_WARN_UNUSED_FUNCTION = YES;
				GCC_WARN_UNUSED_VARIABLE = YES;
				IPHONEOS_DEPLOYMENT_TARGET = 12.2;
				MTL_ENABLE_DEBUG_INFO = NO;
				MTL_FAST_MATH = YES;
				SDKROOT = iphoneos;
				SWIFT_COMPILATION_MODE = wholemodule;
				SWIFT_OPTIMIZATION_LEVEL = "-O";
				VALIDATE_PRODUCT = YES;
			};
			name = Release;
		};
		C28D609523A53ADA00005142 /* Debug */ = {
			isa = XCBuildConfiguration;
			baseConfigurationReference = 78555F35D8BCE260618D269E /* Pods-myMusic.debug.xcconfig */;
			buildSettings = {
				ASSETCATALOG_COMPILER_APPICON_NAME = AppIcon;
				CODE_SIGN_STYLE = Automatic;
				DEVELOPMENT_TEAM = 5XU7X96X4T;
				INFOPLIST_FILE = myMusic/Info.plist;
				LD_RUNPATH_SEARCH_PATHS = (
					"$(inherited)",
					"@executable_path/Frameworks",
				);
				PRODUCT_BUNDLE_IDENTIFIER = com.timgeldof.myMusic;
				PRODUCT_NAME = "$(TARGET_NAME)";
				SWIFT_VERSION = 5.0;
				TARGETED_DEVICE_FAMILY = "1,2";
			};
			name = Debug;
		};
		C28D609623A53ADA00005142 /* Release */ = {
			isa = XCBuildConfiguration;
			baseConfigurationReference = D747E571371C1489E3AC8ADF /* Pods-myMusic.release.xcconfig */;
			buildSettings = {
				ASSETCATALOG_COMPILER_APPICON_NAME = AppIcon;
				CODE_SIGN_STYLE = Automatic;
				DEVELOPMENT_TEAM = 5XU7X96X4T;
				INFOPLIST_FILE = myMusic/Info.plist;
				LD_RUNPATH_SEARCH_PATHS = (
					"$(inherited)",
					"@executable_path/Frameworks",
				);
				PRODUCT_BUNDLE_IDENTIFIER = com.timgeldof.myMusic;
				PRODUCT_NAME = "$(TARGET_NAME)";
				SWIFT_VERSION = 5.0;
				TARGETED_DEVICE_FAMILY = "1,2";
			};
			name = Release;
		};
		C28D609823A53ADA00005142 /* Debug */ = {
			isa = XCBuildConfiguration;
			buildSettings = {
				ALWAYS_EMBED_SWIFT_STANDARD_LIBRARIES = YES;
				BUNDLE_LOADER = "$(TEST_HOST)";
				CODE_SIGN_STYLE = Automatic;
				DEVELOPMENT_TEAM = 5XU7X96X4T;
				INFOPLIST_FILE = myMusicTests/Info.plist;
				LD_RUNPATH_SEARCH_PATHS = (
					"$(inherited)",
					"@executable_path/Frameworks",
					"@loader_path/Frameworks",
				);
				PRODUCT_BUNDLE_IDENTIFIER = com.timgeldof.myMusicTests;
				PRODUCT_NAME = "$(TARGET_NAME)";
				SWIFT_VERSION = 5.0;
				TARGETED_DEVICE_FAMILY = "1,2";
				TEST_HOST = "$(BUILT_PRODUCTS_DIR)/myMusic.app/myMusic";
			};
			name = Debug;
		};
		C28D609923A53ADA00005142 /* Release */ = {
			isa = XCBuildConfiguration;
			buildSettings = {
				ALWAYS_EMBED_SWIFT_STANDARD_LIBRARIES = YES;
				BUNDLE_LOADER = "$(TEST_HOST)";
				CODE_SIGN_STYLE = Automatic;
				DEVELOPMENT_TEAM = 5XU7X96X4T;
				INFOPLIST_FILE = myMusicTests/Info.plist;
				LD_RUNPATH_SEARCH_PATHS = (
					"$(inherited)",
					"@executable_path/Frameworks",
					"@loader_path/Frameworks",
				);
				PRODUCT_BUNDLE_IDENTIFIER = com.timgeldof.myMusicTests;
				PRODUCT_NAME = "$(TARGET_NAME)";
				SWIFT_VERSION = 5.0;
				TARGETED_DEVICE_FAMILY = "1,2";
				TEST_HOST = "$(BUILT_PRODUCTS_DIR)/myMusic.app/myMusic";
			};
			name = Release;
		};
		C28D609B23A53ADA00005142 /* Debug */ = {
			isa = XCBuildConfiguration;
			buildSettings = {
				ALWAYS_EMBED_SWIFT_STANDARD_LIBRARIES = YES;
				CODE_SIGN_STYLE = Automatic;
				DEVELOPMENT_TEAM = 5XU7X96X4T;
				INFOPLIST_FILE = myMusicUITests/Info.plist;
				LD_RUNPATH_SEARCH_PATHS = (
					"$(inherited)",
					"@executable_path/Frameworks",
					"@loader_path/Frameworks",
				);
				PRODUCT_BUNDLE_IDENTIFIER = com.timgeldof.myMusicUITests;
				PRODUCT_NAME = "$(TARGET_NAME)";
				SWIFT_VERSION = 5.0;
				TARGETED_DEVICE_FAMILY = "1,2";
				TEST_TARGET_NAME = myMusic;
			};
			name = Debug;
		};
		C28D609C23A53ADA00005142 /* Release */ = {
			isa = XCBuildConfiguration;
			buildSettings = {
				ALWAYS_EMBED_SWIFT_STANDARD_LIBRARIES = YES;
				CODE_SIGN_STYLE = Automatic;
				DEVELOPMENT_TEAM = 5XU7X96X4T;
				INFOPLIST_FILE = myMusicUITests/Info.plist;
				LD_RUNPATH_SEARCH_PATHS = (
					"$(inherited)",
					"@executable_path/Frameworks",
					"@loader_path/Frameworks",
				);
				PRODUCT_BUNDLE_IDENTIFIER = com.timgeldof.myMusicUITests;
				PRODUCT_NAME = "$(TARGET_NAME)";
				SWIFT_VERSION = 5.0;
				TARGETED_DEVICE_FAMILY = "1,2";
				TEST_TARGET_NAME = myMusic;
			};
			name = Release;
		};
/* End XCBuildConfiguration section */

/* Begin XCConfigurationList section */
		C28D606723A53AD900005142 /* Build configuration list for PBXProject "myMusic" */ = {
			isa = XCConfigurationList;
			buildConfigurations = (
				C28D609223A53ADA00005142 /* Debug */,
				C28D609323A53ADA00005142 /* Release */,
			);
			defaultConfigurationIsVisible = 0;
			defaultConfigurationName = Release;
		};
		C28D609423A53ADA00005142 /* Build configuration list for PBXNativeTarget "myMusic" */ = {
			isa = XCConfigurationList;
			buildConfigurations = (
				C28D609523A53ADA00005142 /* Debug */,
				C28D609623A53ADA00005142 /* Release */,
			);
			defaultConfigurationIsVisible = 0;
			defaultConfigurationName = Release;
		};
		C28D609723A53ADA00005142 /* Build configuration list for PBXNativeTarget "myMusicTests" */ = {
			isa = XCConfigurationList;
			buildConfigurations = (
				C28D609823A53ADA00005142 /* Debug */,
				C28D609923A53ADA00005142 /* Release */,
			);
			defaultConfigurationIsVisible = 0;
			defaultConfigurationName = Release;
		};
		C28D609A23A53ADA00005142 /* Build configuration list for PBXNativeTarget "myMusicUITests" */ = {
			isa = XCConfigurationList;
			buildConfigurations = (
				C28D609B23A53ADA00005142 /* Debug */,
				C28D609C23A53ADA00005142 /* Release */,
			);
			defaultConfigurationIsVisible = 0;
			defaultConfigurationName = Release;
		};
/* End XCConfigurationList section */
	};
	rootObject = C28D606423A53AD900005142 /* Project object */;
}
